{
  "name": "wrld",
  "version": "1.0.0",
  "lockfileVersion": 1,
  "requires": true,
  "dependencies": {
    "leaflet": {
      "version": "1.0.1",
      "resolved": "https://registry.npmjs.org/leaflet/-/leaflet-1.0.1.tgz",
      "integrity": "sha1-WGjDibVWzYVIEZj/i/5ZqN4JMts="
    },
    "wrld.js": {
      "version": "0.1.2029",
      "resolved": "https://registry.npmjs.org/wrld.js/-/wrld.js-0.1.2029.tgz",
      "integrity": "sha512-FfCthvTkfrfRDxKSCbvcr++fbKC1A5cHZmUvtqx4Sts3DATkRIdbG5tXQ2/xCTIuukqBV/0dq+SyIXWGRr+96Q==",
      "requires": {
        "leaflet": "1.0.1"
      }
    }
  }
}
